<?xml version="1.0" encoding="utf-8"?>
<Project ToolsVersion="14.0" xmlns="http://schemas.microsoft.com/developer/msbuild/2003">
  <ItemGroup>
    <Filter Include="Resources">
      <UniqueIdentifier>be4d2165-9de1-4f8e-b47d-4876c25b3946</UniqueIdentifier>
      <Extensions>rc;ico;cur;bmp;dlg;rc2;rct;bin;rgs;gif;jpg;jpeg;jpe;resx;tga;tiff;tif;png;wav;mfcribbon-ms</Extensions>
    </Filter>
  </ItemGroup>
  <ItemGroup>
    <ClCompile Include="pch.cpp" />
    <ClCompile Include="Symbolic.cpp" />
    <ClCompile Include="IsUTF8.cpp" />
    <ClCompile Include="Chinese.cpp" />
    <ClCompile Include="SymConv.cpp" />
    <ClCompile Include="CConv.cpp" />
  </ItemGroup>
  <ItemGroup>
    <ClInclude Include="pch.h" />
    <ClInclude Include="Symbolic.h" />
    <ClInclude Include="IsUTF8.h" />
    <ClInclude Include="Chinese.h" />
    <ClInclude Include="SymConv.h" />
    <ClInclude Include="CConv.h" />
  </ItemGroup>
</Project>